
Microsoft Visual Studio Solution File, Format Version 12.00
# Visual Studio Version 16
VisualStudioVersion = 16.0.29503.13
MinimumVisualStudioVersion = 10.0.40219.1
Project("{FAE04EC0-301F-11D3-BF4B-00C04F79EFBC}") = "CSharp Class 3", "CSharp Class 3\CSharp Class 3.csproj", "{B9D8B39E-A340-4A50-88EC-28446EEA016A}"
EndProject
Global
	GlobalSection(SolutionConfigurationPlatforms) = preSolution
		Debug|Any CPU = Debug|Any CPU
		Release|Any CPU = Release|Any CPU
	EndGlobalSection
	GlobalSection(ProjectConfigurationPlatforms) = postSolution
		{B9D8B39E-A340-4A50-88EC-28446EEA016A}.Debug|Any CPU.ActiveCfg = Debug|Any CPU
		{B9D8B39E-A340-4A50-88EC-28446EEA016A}.Debug|Any CPU.Build.0 = Debug|Any CPU
		{B9D8B39E-A340-4A50-88EC-28446EEA016A}.Release|Any CPU.ActiveCfg = Release|Any CPU
		{B9D8B39E-A340-4A50-88EC-28446EEA016A}.Release|Any CPU.Build.0 = Release|Any CPU
	EndGlobalSection
	GlobalSection(SolutionProperties) = preSolution
		HideSolutionNode = FALSE
	EndGlobalSection
	GlobalSection(ExtensibilityGlobals) = postSolution
		SolutionGuid = {BA42A114-B968-405F-9F46-34C97FE816C7}
	EndGlobalSection
EndGlobal
